
Microsoft Visual Studio Solution File, Format Version 12.00
# Visual Studio Version 16
VisualStudioVersion = 16.0.31424.327
MinimumVisualStudioVersion = 10.0.40219.1
Project("{2150E333-8FDC-42A3-9474-1A3956D46DE8}") = "Services", "Services", "{DD5A3603-AA2C-4A72-941C-5B909F376AA0}"
EndProject
Project("{2150E333-8FDC-42A3-9474-1A3956D46DE8}") = "Catalog", "Catalog", "{0D7F8EB7-09E5-488E-9BF6-6B3D71CD6A86}"
EndProject
Project("{9A19103F-16F7-4668-BE54-9A1E7A4F7556}") = "Catalog.API", "Services\Catalog\Catalog.API\Catalog.API.csproj", "{676934ED-397A-47C7-8464-95521FFADCB5}"
EndProject
Project("{E53339B2-1760-4266-BCC7-CA923CBCF16C}") = "docker-compose", "docker-compose.dcproj", "{B065E8FB-F180-42B3-9944-5F49FCD9D9B8}"
EndProject
Project("{2150E333-8FDC-42A3-9474-1A3956D46DE8}") = "Basket", "Basket", "{C43418C3-06CA-4C29-AD7A-A717840562D1}"
EndProject
Project("{9A19103F-16F7-4668-BE54-9A1E7A4F7556}") = "Basket.API", "Services\Basket\Basket.API\Basket.API.csproj", "{CC03684A-87D1-40D2-A136-B73C1AF8389C}"
EndProject
Project("{2150E333-8FDC-42A3-9474-1A3956D46DE8}") = "Discount", "Discount", "{07B6A09F-38B4-49E4-87AD-345192B85235}"
EndProject
Project("{9A19103F-16F7-4668-BE54-9A1E7A4F7556}") = "Discount.API", "Services\Discount\Discount.API\Discount.API.csproj", "{982C089A-5026-4341-ABFA-A7CE765290C9}"
EndProject
Project("{9A19103F-16F7-4668-BE54-9A1E7A4F7556}") = "Discount.Grpc", "Services\Discount\Discount.Grpc\Discount.Grpc.csproj", "{AE14CDA3-A749-4704-8F18-9D3920D4D987}"
EndProject
Project("{2150E333-8FDC-42A3-9474-1A3956D46DE8}") = "Ordering", "Ordering", "{8E9974AB-0AE0-4DD3-8BFD-4FCB258916B5}"
EndProject
Project("{9A19103F-16F7-4668-BE54-9A1E7A4F7556}") = "Ordering.API", "Services\Ordering\Ordering.API\Ordering.API.csproj", "{77250A6E-2A1D-4AC8-953D-28E060198035}"
EndProject
Project("{9A19103F-16F7-4668-BE54-9A1E7A4F7556}") = "Ordering.Domain", "Services\Ordering\Ordering.Domain\Ordering.Domain.csproj", "{1798831A-2FB3-4FF1-83DC-1CA693DC14E8}"
EndProject
Project("{9A19103F-16F7-4668-BE54-9A1E7A4F7556}") = "Ordering.Application", "Services\Ordering\Ordering.Application\Ordering.Application.csproj", "{998D330A-C834-420D-A219-70382095888F}"
EndProject
Project("{9A19103F-16F7-4668-BE54-9A1E7A4F7556}") = "Ordering.Infrastructure", "Services\Ordering\Ordering.Infrastructure\Ordering.Infrastructure.csproj", "{E8828FCF-DFF2-4F3E-A84F-6B07081E0E64}"
EndProject
Project("{2150E333-8FDC-42A3-9474-1A3956D46DE8}") = "BuildingBlocks", "BuildingBlocks", "{7C68BC2D-2754-4703-B5A9-A63A70A44966}"
EndProject
Project("{9A19103F-16F7-4668-BE54-9A1E7A4F7556}") = "EventBus.Messages", "BuildingBlocks\EventBus.Messages\EventBus.Messages.csproj", "{BE16DD93-8FD8-4AD1-A98A-FB130F68F8C3}"
EndProject
Project("{2150E333-8FDC-42A3-9474-1A3956D46DE8}") = "ApiGateways", "ApiGateways", "{8335C34F-87B6-4977-BCA3-BFB590EA679A}"
EndProject
Project("{9A19103F-16F7-4668-BE54-9A1E7A4F7556}") = "OcelotApiGW", "ApiGateways\OcelotApiGW\OcelotApiGW.csproj", "{6B5ED4DF-CD32-45A8-B4F4-C08076FA87EE}"
EndProject
Project("{9A19103F-16F7-4668-BE54-9A1E7A4F7556}") = "Shopping.Aggregator", "ApiGateways\Shopping.Aggregator\Shopping.Aggregator.csproj", "{A2A78C11-0824-488F-92C3-CCC2E50903CE}"
EndProject
Project("{2150E333-8FDC-42A3-9474-1A3956D46DE8}") = "WebApps", "WebApps", "{57086068-7B5A-42B8-848A-8BD1D059BD09}"
EndProject
Project("{9A19103F-16F7-4668-BE54-9A1E7A4F7556}") = "AspnetRunBasics", "WebApps\AspnetRunBasics\AspnetRunBasics.csproj", "{65D46A87-8FC3-461A-B1BA-5CC1B064AFC3}"
EndProject
Global
	GlobalSection(SolutionConfigurationPlatforms) = preSolution
		Debug|Any CPU = Debug|Any CPU
		Release|Any CPU = Release|Any CPU
	EndGlobalSection
	GlobalSection(ProjectConfigurationPlatforms) = postSolution
		{676934ED-397A-47C7-8464-95521FFADCB5}.Debug|Any CPU.ActiveCfg = Debug|Any CPU
		{676934ED-397A-47C7-8464-95521FFADCB5}.Debug|Any CPU.Build.0 = Debug|Any CPU
		{676934ED-397A-47C7-8464-95521FFADCB5}.Release|Any CPU.ActiveCfg = Release|Any CPU
		{676934ED-397A-47C7-8464-95521FFADCB5}.Release|Any CPU.Build.0 = Release|Any CPU
		{B065E8FB-F180-42B3-9944-5F49FCD9D9B8}.Debug|Any CPU.ActiveCfg = Debug|Any CPU
		{B065E8FB-F180-42B3-9944-5F49FCD9D9B8}.Debug|Any CPU.Build.0 = Debug|Any CPU
		{B065E8FB-F180-42B3-9944-5F49FCD9D9B8}.Release|Any CPU.ActiveCfg = Release|Any CPU
		{B065E8FB-F180-42B3-9944-5F49FCD9D9B8}.Release|Any CPU.Build.0 = Release|Any CPU
		{CC03684A-87D1-40D2-A136-B73C1AF8389C}.Debug|Any CPU.ActiveCfg = Debug|Any CPU
		{CC03684A-87D1-40D2-A136-B73C1AF8389C}.Debug|Any CPU.Build.0 = Debug|Any CPU
		{CC03684A-87D1-40D2-A136-B73C1AF8389C}.Release|Any CPU.ActiveCfg = Release|Any CPU
		{CC03684A-87D1-40D2-A136-B73C1AF8389C}.Release|Any CPU.Build.0 = Release|Any CPU
		{982C089A-5026-4341-ABFA-A7CE765290C9}.Debug|Any CPU.ActiveCfg = Debug|Any CPU
		{982C089A-5026-4341-ABFA-A7CE765290C9}.Debug|Any CPU.Build.0 = Debug|Any CPU
		{982C089A-5026-4341-ABFA-A7CE765290C9}.Release|Any CPU.ActiveCfg = Release|Any CPU
		{982C089A-5026-4341-ABFA-A7CE765290C9}.Release|Any CPU.Build.0 = Release|Any CPU
		{AE14CDA3-A749-4704-8F18-9D3920D4D987}.Debug|Any CPU.ActiveCfg = Debug|Any CPU
		{AE14CDA3-A749-4704-8F18-9D3920D4D987}.Debug|Any CPU.Build.0 = Debug|Any CPU
		{AE14CDA3-A749-4704-8F18-9D3920D4D987}.Release|Any CPU.ActiveCfg = Release|Any CPU
		{AE14CDA3-A749-4704-8F18-9D3920D4D987}.Release|Any CPU.Build.0 = Release|Any CPU
		{77250A6E-2A1D-4AC8-953D-28E060198035}.Debug|Any CPU.ActiveCfg = Debug|Any CPU
		{77250A6E-2A1D-4AC8-953D-28E060198035}.Debug|Any CPU.Build.0 = Debug|Any CPU
		{77250A6E-2A1D-4AC8-953D-28E060198035}.Release|Any CPU.ActiveCfg = Release|Any CPU
		{77250A6E-2A1D-4AC8-953D-28E060198035}.Release|Any CPU.Build.0 = Release|Any CPU
		{1798831A-2FB3-4FF1-83DC-1CA693DC14E8}.Debug|Any CPU.ActiveCfg = Debug|Any CPU
		{1798831A-2FB3-4FF1-83DC-1CA693DC14E8}.Debug|Any CPU.Build.0 = Debug|Any CPU
		{1798831A-2FB3-4FF1-83DC-1CA693DC14E8}.Release|Any CPU.ActiveCfg = Release|Any CPU
		{1798831A-2FB3-4FF1-83DC-1CA693DC14E8}.Release|Any CPU.Build.0 = Release|Any CPU
		{998D330A-C834-420D-A219-70382095888F}.Debug|Any CPU.ActiveCfg = Debug|Any CPU
		{998D330A-C834-420D-A219-70382095888F}.Debug|Any CPU.Build.0 = Debug|Any CPU
		{998D330A-C834-420D-A219-70382095888F}.Release|Any CPU.ActiveCfg = Release|Any CPU
		{998D330A-C834-420D-A219-70382095888F}.Release|Any CPU.Build.0 = Release|Any CPU
		{E8828FCF-DFF2-4F3E-A84F-6B07081E0E64}.Debug|Any CPU.ActiveCfg = Debug|Any CPU
		{E8828FCF-DFF2-4F3E-A84F-6B07081E0E64}.Debug|Any CPU.Build.0 = Debug|Any CPU
		{E8828FCF-DFF2-4F3E-A84F-6B07081E0E64}.Release|Any CPU.ActiveCfg = Release|Any CPU
		{E8828FCF-DFF2-4F3E-A84F-6B07081E0E64}.Release|Any CPU.Build.0 = Release|Any CPU
		{BE16DD93-8FD8-4AD1-A98A-FB130F68F8C3}.Debug|Any CPU.ActiveCfg = Debug|Any CPU
		{BE16DD93-8FD8-4AD1-A98A-FB130F68F8C3}.Debug|Any CPU.Build.0 = Debug|Any CPU
		{BE16DD93-8FD8-4AD1-A98A-FB130F68F8C3}.Release|Any CPU.ActiveCfg = Release|Any CPU
		{BE16DD93-8FD8-4AD1-A98A-FB130F68F8C3}.Release|Any CPU.Build.0 = Release|Any CPU
		{6B5ED4DF-CD32-45A8-B4F4-C08076FA87EE}.Debug|Any CPU.ActiveCfg = Debug|Any CPU
		{6B5ED4DF-CD32-45A8-B4F4-C08076FA87EE}.Debug|Any CPU.Build.0 = Debug|Any CPU
		{6B5ED4DF-CD32-45A8-B4F4-C08076FA87EE}.Release|Any CPU.ActiveCfg = Release|Any CPU
		{6B5ED4DF-CD32-45A8-B4F4-C08076FA87EE}.Release|Any CPU.Build.0 = Release|Any CPU
		{A2A78C11-0824-488F-92C3-CCC2E50903CE}.Debug|Any CPU.ActiveCfg = Debug|Any CPU
		{A2A78C11-0824-488F-92C3-CCC2E50903CE}.Debug|Any CPU.Build.0 = Debug|Any CPU
		{A2A78C11-0824-488F-92C3-CCC2E50903CE}.Release|Any CPU.ActiveCfg = Release|Any CPU
		{A2A78C11-0824-488F-92C3-CCC2E50903CE}.Release|Any CPU.Build.0 = Release|Any CPU
		{65D46A87-8FC3-461A-B1BA-5CC1B064AFC3}.Debug|Any CPU.ActiveCfg = Debug|Any CPU
		{65D46A87-8FC3-461A-B1BA-5CC1B064AFC3}.Debug|Any CPU.Build.0 = Debug|Any CPU
		{65D46A87-8FC3-461A-B1BA-5CC1B064AFC3}.Release|Any CPU.ActiveCfg = Release|Any CPU
		{65D46A87-8FC3-461A-B1BA-5CC1B064AFC3}.Release|Any CPU.Build.0 = Release|Any CPU
	EndGlobalSection
	GlobalSection(SolutionProperties) = preSolution
		HideSolutionNode = FALSE
	EndGlobalSection
	GlobalSection(NestedProjects) = preSolution
		{0D7F8EB7-09E5-488E-9BF6-6B3D71CD6A86} = {DD5A3603-AA2C-4A72-941C-5B909F376AA0}
		{676934ED-397A-47C7-8464-95521FFADCB5} = {0D7F8EB7-09E5-488E-9BF6-6B3D71CD6A86}
		{C43418C3-06CA-4C29-AD7A-A717840562D1} = {DD5A3603-AA2C-4A72-941C-5B909F376AA0}
		{CC03684A-87D1-40D2-A136-B73C1AF8389C} = {C43418C3-06CA-4C29-AD7A-A717840562D1}
		{07B6A09F-38B4-49E4-87AD-345192B85235} = {DD5A3603-AA2C-4A72-941C-5B909F376AA0}
		{982C089A-5026-4341-ABFA-A7CE765290C9} = {07B6A09F-38B4-49E4-87AD-345192B85235}
		{AE14CDA3-A749-4704-8F18-9D3920D4D987} = {07B6A09F-38B4-49E4-87AD-345192B85235}
		{8E9974AB-0AE0-4DD3-8BFD-4FCB258916B5} = {DD5A3603-AA2C-4A72-941C-5B909F376AA0}
		{77250A6E-2A1D-4AC8-953D-28E060198035} = {8E9974AB-0AE0-4DD3-8BFD-4FCB258916B5}
		{1798831A-2FB3-4FF1-83DC-1CA693DC14E8} = {8E9974AB-0AE0-4DD3-8BFD-4FCB258916B5}
		{998D330A-C834-420D-A219-70382095888F} = {8E9974AB-0AE0-4DD3-8BFD-4FCB258916B5}
		{E8828FCF-DFF2-4F3E-A84F-6B07081E0E64} = {8E9974AB-0AE0-4DD3-8BFD-4FCB258916B5}
		{BE16DD93-8FD8-4AD1-A98A-FB130F68F8C3} = {7C68BC2D-2754-4703-B5A9-A63A70A44966}
		{6B5ED4DF-CD32-45A8-B4F4-C08076FA87EE} = {8335C34F-87B6-4977-BCA3-BFB590EA679A}
		{A2A78C11-0824-488F-92C3-CCC2E50903CE} = {8335C34F-87B6-4977-BCA3-BFB590EA679A}
		{65D46A87-8FC3-461A-B1BA-5CC1B064AFC3} = {57086068-7B5A-42B8-848A-8BD1D059BD09}
	EndGlobalSection
	GlobalSection(ExtensibilityGlobals) = postSolution
		SolutionGuid = {2E9EB68B-D270-4FC3-BF99-0AD2B079AE26}
	EndGlobalSection
EndGlobal
